
Microsoft Visual Studio Solution File, Format Version 12.00
# Visual Studio Version 16
VisualStudioVersion = 16.0.30517.126
MinimumVisualStudioVersion = 10.0.40219.1
Project("{2150E333-8FDC-42A3-9474-1A3956D46DE8}") = "LambdaApi", "LambdaApi", "{031D7FC1-B373-40F0-9C7F-DAD9C5886C7F}"
EndProject
Project("{2150E333-8FDC-42A3-9474-1A3956D46DE8}") = "src", "src", "{96BEEE72-FF56-4BA0-AD73-581C9A42F150}"
EndProject
Project("{FAE04EC0-301F-11D3-BF4B-00C04F79EFBC}") = "LambdaApi", "LambdaApi\src\LambdaApi\LambdaApi.csproj", "{ACB59E4A-6D1F-4395-B80B-4EC838554CF2}"
EndProject
Project("{2150E333-8FDC-42A3-9474-1A3956D46DE8}") = "test", "test", "{D680FD7D-B03C-4EA8-8120-2DCD9F82DA48}"
EndProject
Project("{FAE04EC0-301F-11D3-BF4B-00C04F79EFBC}") = "LambdaApi.Tests", "LambdaApi\test\LambdaApi.Tests\LambdaApi.Tests.csproj", "{E75FE21D-B7F0-433F-856C-68C67A7CD2ED}"
EndProject
Project("{2150E333-8FDC-42A3-9474-1A3956D46DE8}") = "LambdaFunction", "LambdaFunction", "{8EBB6CBB-CEED-4625-8474-F1107A049CB4}"
EndProject
Project("{2150E333-8FDC-42A3-9474-1A3956D46DE8}") = "src", "src", "{613A1F3D-AD4D-4B60-9A62-3D6193E06D9A}"
EndProject
Project("{FAE04EC0-301F-11D3-BF4B-00C04F79EFBC}") = "LambdaFunction", "LambdaFunction\src\LambdaFunction\LambdaFunction.csproj", "{479C598E-4E78-40CC-9473-D76C755CB06B}"
EndProject
Project("{2150E333-8FDC-42A3-9474-1A3956D46DE8}") = "test", "test", "{9DDDD9BF-7579-47D3-9134-32FAF0C540DD}"
EndProject
Project("{FAE04EC0-301F-11D3-BF4B-00C04F79EFBC}") = "LambdaFunction.Tests", "LambdaFunction\test\LambdaFunction.Tests\LambdaFunction.Tests.csproj", "{914F666E-77FD-44FE-A37A-DA5E530EDD17}"
EndProject
Project("{2150E333-8FDC-42A3-9474-1A3956D46DE8}") = "LambdaSNS", "LambdaSNS", "{43DE6C09-0701-4596-A9D0-5BC5DF69CFFB}"
EndProject
Project("{2150E333-8FDC-42A3-9474-1A3956D46DE8}") = "src", "src", "{7EB70445-AA96-4BBE-8FE4-8DEBED1106E7}"
EndProject
Project("{FAE04EC0-301F-11D3-BF4B-00C04F79EFBC}") = "LambdaSNS", "LambdaSNS\src\LambdaSNS\LambdaSNS.csproj", "{A9F5033B-80FE-4E6E-B722-B53D63AB946C}"
EndProject
Project("{2150E333-8FDC-42A3-9474-1A3956D46DE8}") = "test", "test", "{843F2B04-B06D-4CB7-BFCD-5801A7319E5E}"
EndProject
Project("{FAE04EC0-301F-11D3-BF4B-00C04F79EFBC}") = "LambdaSNS.Tests", "LambdaSNS\test\LambdaSNS.Tests\LambdaSNS.Tests.csproj", "{FBF4436E-96ED-411A-B064-EE2A2D0FBEE8}"
EndProject
Global
	GlobalSection(SolutionConfigurationPlatforms) = preSolution
		Debug|Any CPU = Debug|Any CPU
		Release|Any CPU = Release|Any CPU
	EndGlobalSection
	GlobalSection(ProjectConfigurationPlatforms) = postSolution
		{0AE477BF-B545-47DC-8A5B-B74ACB01EF63}.Debug|Any CPU.ActiveCfg = Debug|Any CPU
		{0AE477BF-B545-47DC-8A5B-B74ACB01EF63}.Debug|Any CPU.Build.0 = Debug|Any CPU
		{0AE477BF-B545-47DC-8A5B-B74ACB01EF63}.Release|Any CPU.ActiveCfg = Release|Any CPU
		{0AE477BF-B545-47DC-8A5B-B74ACB01EF63}.Release|Any CPU.Build.0 = Release|Any CPU
		{1E716C26-C5A8-4105-846B-E307D2FD65FF}.Debug|Any CPU.ActiveCfg = Debug|Any CPU
		{1E716C26-C5A8-4105-846B-E307D2FD65FF}.Debug|Any CPU.Build.0 = Debug|Any CPU
		{1E716C26-C5A8-4105-846B-E307D2FD65FF}.Release|Any CPU.ActiveCfg = Release|Any CPU
		{1E716C26-C5A8-4105-846B-E307D2FD65FF}.Release|Any CPU.Build.0 = Release|Any CPU
		{ACB59E4A-6D1F-4395-B80B-4EC838554CF2}.Debug|Any CPU.ActiveCfg = Debug|Any CPU
		{ACB59E4A-6D1F-4395-B80B-4EC838554CF2}.Debug|Any CPU.Build.0 = Debug|Any CPU
		{ACB59E4A-6D1F-4395-B80B-4EC838554CF2}.Release|Any CPU.ActiveCfg = Release|Any CPU
		{ACB59E4A-6D1F-4395-B80B-4EC838554CF2}.Release|Any CPU.Build.0 = Release|Any CPU
		{E75FE21D-B7F0-433F-856C-68C67A7CD2ED}.Debug|Any CPU.ActiveCfg = Debug|Any CPU
		{E75FE21D-B7F0-433F-856C-68C67A7CD2ED}.Debug|Any CPU.Build.0 = Debug|Any CPU
		{E75FE21D-B7F0-433F-856C-68C67A7CD2ED}.Release|Any CPU.ActiveCfg = Release|Any CPU
		{E75FE21D-B7F0-433F-856C-68C67A7CD2ED}.Release|Any CPU.Build.0 = Release|Any CPU
		{479C598E-4E78-40CC-9473-D76C755CB06B}.Debug|Any CPU.ActiveCfg = Debug|Any CPU
		{479C598E-4E78-40CC-9473-D76C755CB06B}.Debug|Any CPU.Build.0 = Debug|Any CPU
		{479C598E-4E78-40CC-9473-D76C755CB06B}.Release|Any CPU.ActiveCfg = Release|Any CPU
		{479C598E-4E78-40CC-9473-D76C755CB06B}.Release|Any CPU.Build.0 = Release|Any CPU
		{914F666E-77FD-44FE-A37A-DA5E530EDD17}.Debug|Any CPU.ActiveCfg = Debug|Any CPU
		{914F666E-77FD-44FE-A37A-DA5E530EDD17}.Debug|Any CPU.Build.0 = Debug|Any CPU
		{914F666E-77FD-44FE-A37A-DA5E530EDD17}.Release|Any CPU.ActiveCfg = Release|Any CPU
		{914F666E-77FD-44FE-A37A-DA5E530EDD17}.Release|Any CPU.Build.0 = Release|Any CPU
		{A9F5033B-80FE-4E6E-B722-B53D63AB946C}.Debug|Any CPU.ActiveCfg = Debug|Any CPU
		{A9F5033B-80FE-4E6E-B722-B53D63AB946C}.Debug|Any CPU.Build.0 = Debug|Any CPU
		{A9F5033B-80FE-4E6E-B722-B53D63AB946C}.Release|Any CPU.ActiveCfg = Release|Any CPU
		{A9F5033B-80FE-4E6E-B722-B53D63AB946C}.Release|Any CPU.Build.0 = Release|Any CPU
		{FBF4436E-96ED-411A-B064-EE2A2D0FBEE8}.Debug|Any CPU.ActiveCfg = Debug|Any CPU
		{FBF4436E-96ED-411A-B064-EE2A2D0FBEE8}.Debug|Any CPU.Build.0 = Debug|Any CPU
		{FBF4436E-96ED-411A-B064-EE2A2D0FBEE8}.Release|Any CPU.ActiveCfg = Release|Any CPU
		{FBF4436E-96ED-411A-B064-EE2A2D0FBEE8}.Release|Any CPU.Build.0 = Release|Any CPU
	EndGlobalSection
	GlobalSection(SolutionProperties) = preSolution
		HideSolutionNode = FALSE
	EndGlobalSection
	GlobalSection(NestedProjects) = preSolution
		{0AE477BF-B545-47DC-8A5B-B74ACB01EF63} = {EFD5FBE6-EB94-449B-9C08-92AC5D27347B}
		{1E716C26-C5A8-4105-846B-E307D2FD65FF} = {EFD5FBE6-EB94-449B-9C08-92AC5D27347B}
		{96BEEE72-FF56-4BA0-AD73-581C9A42F150} = {031D7FC1-B373-40F0-9C7F-DAD9C5886C7F}
		{ACB59E4A-6D1F-4395-B80B-4EC838554CF2} = {96BEEE72-FF56-4BA0-AD73-581C9A42F150}
		{D680FD7D-B03C-4EA8-8120-2DCD9F82DA48} = {031D7FC1-B373-40F0-9C7F-DAD9C5886C7F}
		{E75FE21D-B7F0-433F-856C-68C67A7CD2ED} = {D680FD7D-B03C-4EA8-8120-2DCD9F82DA48}
		{613A1F3D-AD4D-4B60-9A62-3D6193E06D9A} = {8EBB6CBB-CEED-4625-8474-F1107A049CB4}
		{479C598E-4E78-40CC-9473-D76C755CB06B} = {613A1F3D-AD4D-4B60-9A62-3D6193E06D9A}
		{9DDDD9BF-7579-47D3-9134-32FAF0C540DD} = {8EBB6CBB-CEED-4625-8474-F1107A049CB4}
		{914F666E-77FD-44FE-A37A-DA5E530EDD17} = {9DDDD9BF-7579-47D3-9134-32FAF0C540DD}
		{7EB70445-AA96-4BBE-8FE4-8DEBED1106E7} = {43DE6C09-0701-4596-A9D0-5BC5DF69CFFB}
		{A9F5033B-80FE-4E6E-B722-B53D63AB946C} = {7EB70445-AA96-4BBE-8FE4-8DEBED1106E7}
		{843F2B04-B06D-4CB7-BFCD-5801A7319E5E} = {43DE6C09-0701-4596-A9D0-5BC5DF69CFFB}
		{FBF4436E-96ED-411A-B064-EE2A2D0FBEE8} = {843F2B04-B06D-4CB7-BFCD-5801A7319E5E}
	EndGlobalSection
	GlobalSection(ExtensibilityGlobals) = postSolution
		SolutionGuid = {8AB5CEAA-C1B6-4557-ABE1-0FE37589E69C}
	EndGlobalSection
EndGlobal
